
Microsoft Visual Studio Solution File, Format Version 12.00
# Visual Studio Version 17
VisualStudioVersion = 17.1.32210.238
MinimumVisualStudioVersion = 10.0.40219.1
Project("{9A19103F-16F7-4668-BE54-9A1E7A4F7556}") = "UsuariosAPI", "UsuariosAPI.csproj", "{3F0B0EAA-2DA4-4579-BE34-CB774A70DF7A}"
EndProject
Project("{9A19103F-16F7-4668-BE54-9A1E7A4F7556}") = "Teste-UsuarioAPi", "..\Teste-UsuarioAPi\Teste-UsuarioAPi\Teste-UsuarioAPi.csproj", "{10707545-99DC-4629-9C64-FD2E526654BD}"
EndProject
Global
	GlobalSection(SolutionConfigurationPlatforms) = preSolution
		Debug|Any CPU = Debug|Any CPU
		Release|Any CPU = Release|Any CPU
	EndGlobalSection
	GlobalSection(ProjectConfigurationPlatforms) = postSolution
		{3F0B0EAA-2DA4-4579-BE34-CB774A70DF7A}.Debug|Any CPU.ActiveCfg = Debug|Any CPU
		{3F0B0EAA-2DA4-4579-BE34-CB774A70DF7A}.Debug|Any CPU.Build.0 = Debug|Any CPU
		{3F0B0EAA-2DA4-4579-BE34-CB774A70DF7A}.Release|Any CPU.ActiveCfg = Release|Any CPU
		{3F0B0EAA-2DA4-4579-BE34-CB774A70DF7A}.Release|Any CPU.Build.0 = Release|Any CPU
		{10707545-99DC-4629-9C64-FD2E526654BD}.Debug|Any CPU.ActiveCfg = Debug|Any CPU
		{10707545-99DC-4629-9C64-FD2E526654BD}.Debug|Any CPU.Build.0 = Debug|Any CPU
		{10707545-99DC-4629-9C64-FD2E526654BD}.Release|Any CPU.ActiveCfg = Release|Any CPU
		{10707545-99DC-4629-9C64-FD2E526654BD}.Release|Any CPU.Build.0 = Release|Any CPU
	EndGlobalSection
	GlobalSection(SolutionProperties) = preSolution
		HideSolutionNode = FALSE
	EndGlobalSection
	GlobalSection(ExtensibilityGlobals) = postSolution
		SolutionGuid = {0461AF55-4DC4-4CA4-B8F0-415891CCD3A4}
	EndGlobalSection
EndGlobal
